
Microsoft Visual Studio Solution File, Format Version 12.00
# Visual Studio Version 17
VisualStudioVersion = 17.0.31521.260
MinimumVisualStudioVersion = 10.0.40219.1
Project("{FAE04EC0-301F-11D3-BF4B-00C04F79EFBC}") = "Demo.TypeConverter", "Demo.TypeConverter\Demo.TypeConverter.csproj", "{B13F8847-90A4-404D-AD8C-20A62F82A97E}"
EndProject
Global
	GlobalSection(SolutionConfigurationPlatforms) = preSolution
		Debug|Any CPU = Debug|Any CPU
		Release|Any CPU = Release|Any CPU
	EndGlobalSection
	GlobalSection(ProjectConfigurationPlatforms) = postSolution
		{B13F8847-90A4-404D-AD8C-20A62F82A97E}.Debug|Any CPU.ActiveCfg = Debug|Any CPU
		{B13F8847-90A4-404D-AD8C-20A62F82A97E}.Debug|Any CPU.Build.0 = Debug|Any CPU
		{B13F8847-90A4-404D-AD8C-20A62F82A97E}.Release|Any CPU.ActiveCfg = Release|Any CPU
		{B13F8847-90A4-404D-AD8C-20A62F82A97E}.Release|Any CPU.Build.0 = Release|Any CPU
	EndGlobalSection
	GlobalSection(SolutionProperties) = preSolution
		HideSolutionNode = FALSE
	EndGlobalSection
	GlobalSection(ExtensibilityGlobals) = postSolution
		SolutionGuid = {01FAD027-DF04-4C71-B2A1-BB5891D20570}
	EndGlobalSection
EndGlobal
